
Microsoft Visual Studio Solution File, Format Version 12.00
# Visual Studio Version 17
VisualStudioVersion = 17.8.34330.188
MinimumVisualStudioVersion = 10.0.40219.1
Project("{FAE04EC0-301F-11D3-BF4B-00C04F79EFBC}") = "ProjetoRevisoes2", "ProjetoRevisoes2.csproj", "{D0794DD3-BB5F-401B-BAEF-BF62D7300B6D}"
EndProject
Global
	GlobalSection(SolutionConfigurationPlatforms) = preSolution
		Debug|Any CPU = Debug|Any CPU
		Release|Any CPU = Release|Any CPU
	EndGlobalSection
	GlobalSection(ProjectConfigurationPlatforms) = postSolution
		{D0794DD3-BB5F-401B-BAEF-BF62D7300B6D}.Debug|Any CPU.ActiveCfg = Debug|Any CPU
		{D0794DD3-BB5F-401B-BAEF-BF62D7300B6D}.Debug|Any CPU.Build.0 = Debug|Any CPU
		{D0794DD3-BB5F-401B-BAEF-BF62D7300B6D}.Release|Any CPU.ActiveCfg = Release|Any CPU
		{D0794DD3-BB5F-401B-BAEF-BF62D7300B6D}.Release|Any CPU.Build.0 = Release|Any CPU
	EndGlobalSection
	GlobalSection(SolutionProperties) = preSolution
		HideSolutionNode = FALSE
	EndGlobalSection
	GlobalSection(ExtensibilityGlobals) = postSolution
		SolutionGuid = {4B77121A-E751-44C4-82F1-672531DDC66B}
	EndGlobalSection
EndGlobal
